
Microsoft Visual Studio Solution File, Format Version 12.00
# Visual Studio 15
VisualStudioVersion = 15.0.26403.0
MinimumVisualStudioVersion = 10.0.40219.1
Project("{FAE04EC0-301F-11D3-BF4B-00C04F79EFBC}") = "MyProject", "MyProject\MyProject.csproj", "{CDA43121-B299-4048-AC23-FDFBF65AA82A}"
EndProject
Project("{FAE04EC0-301F-11D3-BF4B-00C04F79EFBC}") = "WpfTemplate", "WpfTemplate\WpfTemplate.csproj", "{5976BBB0-F9EF-412B-9DB9-EBDDE569B734}"
EndProject
Project("{FAE04EC0-301F-11D3-BF4B-00C04F79EFBC}") = "VSIX", "VSIX\VSIX.csproj", "{43AE6D24-EF11-4BB0-A35F-0CF29786919D}"
EndProject
Project("{FAE04EC0-301F-11D3-BF4B-00C04F79EFBC}") = "ProjectTemplate12", "ProjectTemplate12\ProjectTemplate12.csproj", "{D45371CC-E8CF-4079-8AB0-091AA87901D1}"
EndProject
Global
	GlobalSection(SolutionConfigurationPlatforms) = preSolution
		Debug|Any CPU = Debug|Any CPU
		Release|Any CPU = Release|Any CPU
	EndGlobalSection
	GlobalSection(ProjectConfigurationPlatforms) = postSolution
		{CDA43121-B299-4048-AC23-FDFBF65AA82A}.Debug|Any CPU.ActiveCfg = Debug|Any CPU
		{CDA43121-B299-4048-AC23-FDFBF65AA82A}.Debug|Any CPU.Build.0 = Debug|Any CPU
		{CDA43121-B299-4048-AC23-FDFBF65AA82A}.Release|Any CPU.ActiveCfg = Release|Any CPU
		{CDA43121-B299-4048-AC23-FDFBF65AA82A}.Release|Any CPU.Build.0 = Release|Any CPU
		{5976BBB0-F9EF-412B-9DB9-EBDDE569B734}.Debug|Any CPU.ActiveCfg = Debug|Any CPU
		{5976BBB0-F9EF-412B-9DB9-EBDDE569B734}.Debug|Any CPU.Build.0 = Debug|Any CPU
		{5976BBB0-F9EF-412B-9DB9-EBDDE569B734}.Release|Any CPU.ActiveCfg = Release|Any CPU
		{5976BBB0-F9EF-412B-9DB9-EBDDE569B734}.Release|Any CPU.Build.0 = Release|Any CPU
		{43AE6D24-EF11-4BB0-A35F-0CF29786919D}.Debug|Any CPU.ActiveCfg = Debug|Any CPU
		{43AE6D24-EF11-4BB0-A35F-0CF29786919D}.Debug|Any CPU.Build.0 = Debug|Any CPU
		{43AE6D24-EF11-4BB0-A35F-0CF29786919D}.Release|Any CPU.ActiveCfg = Release|Any CPU
		{43AE6D24-EF11-4BB0-A35F-0CF29786919D}.Release|Any CPU.Build.0 = Release|Any CPU
		{D45371CC-E8CF-4079-8AB0-091AA87901D1}.Debug|Any CPU.ActiveCfg = Debug|Any CPU
		{D45371CC-E8CF-4079-8AB0-091AA87901D1}.Debug|Any CPU.Build.0 = Debug|Any CPU
		{D45371CC-E8CF-4079-8AB0-091AA87901D1}.Release|Any CPU.ActiveCfg = Release|Any CPU
		{D45371CC-E8CF-4079-8AB0-091AA87901D1}.Release|Any CPU.Build.0 = Release|Any CPU
	EndGlobalSection
	GlobalSection(SolutionProperties) = preSolution
		HideSolutionNode = FALSE
	EndGlobalSection
EndGlobal
