
Microsoft Visual Studio Solution File, Format Version 12.00
# Visual Studio 15
VisualStudioVersion = 15.0.26403.7
MinimumVisualStudioVersion = 10.0.40219.1
Project("{FAE04EC0-301F-11D3-BF4B-00C04F79EFBC}") = "MyProject1", "..\MyProject1\MyProject1.csproj", "{5DE860D7-4A7A-40F9-89E0-445E02F0CC96}"
EndProject
Project("{FAE04EC0-301F-11D3-BF4B-00C04F79EFBC}") = "ProjectTemplate1", "ProjectTemplate1\ProjectTemplate1.csproj", "{5976BBB0-F9EF-412B-9DB9-EBDDE569B734}"
EndProject
Global
	GlobalSection(SolutionConfigurationPlatforms) = preSolution
		Debug|Any CPU = Debug|Any CPU
		Release|Any CPU = Release|Any CPU
	EndGlobalSection
	GlobalSection(ProjectConfigurationPlatforms) = postSolution
		{5DE860D7-4A7A-40F9-89E0-445E02F0CC96}.Debug|Any CPU.ActiveCfg = Debug|Any CPU
		{5DE860D7-4A7A-40F9-89E0-445E02F0CC96}.Debug|Any CPU.Build.0 = Debug|Any CPU
		{5DE860D7-4A7A-40F9-89E0-445E02F0CC96}.Release|Any CPU.ActiveCfg = Release|Any CPU
		{5DE860D7-4A7A-40F9-89E0-445E02F0CC96}.Release|Any CPU.Build.0 = Release|Any CPU
		{5976BBB0-F9EF-412B-9DB9-EBDDE569B734}.Debug|Any CPU.ActiveCfg = Debug|Any CPU
		{5976BBB0-F9EF-412B-9DB9-EBDDE569B734}.Debug|Any CPU.Build.0 = Debug|Any CPU
		{5976BBB0-F9EF-412B-9DB9-EBDDE569B734}.Release|Any CPU.ActiveCfg = Release|Any CPU
		{5976BBB0-F9EF-412B-9DB9-EBDDE569B734}.Release|Any CPU.Build.0 = Release|Any CPU
	EndGlobalSection
	GlobalSection(SolutionProperties) = preSolution
		HideSolutionNode = FALSE
	EndGlobalSection
EndGlobal
